{
  "requires": true,
  "lockfileVersion": 1,
  "dependencies": {
    "@types/weixin-app": {
      "version": "1.9.7",
      "resolved": "https://registry.npmjs.org/@types/weixin-app/-/weixin-app-1.9.7.tgz",
      "integrity": "sha512-ZvlNksXxnAc9pFGJV7yL+J1FpA34vrkle4InKIQYjZ11h6hm8rQw2tJIaWgA7L6LweqRcaeRo5VO/Vx7G6RNJQ=="
    },
    "typed-we-app": {
      "version": "1.7.0-update.5",
      "resolved": "https://registry.npmjs.org/typed-we-app/-/typed-we-app-1.7.0-update.5.tgz",
      "integrity": "sha512-xGsmMu32WHZNjqqremFO2EoeWaOWUfyXH8f1Nnc+BJgPz6ISBK7oSZaNTLUMY5sGak7itwvYzdjaAxagHjL+TA=="
    }
  }
}
