{
  "requires": true,
  "lockfileVersion": 1,
  "dependencies": {
    "typed-we-app": {
      "version": "1.7.0-update.5",
      "resolved": "https://registry.npmjs.org/typed-we-app/-/typed-we-app-1.7.0-update.5.tgz",
      "integrity": "sha512-xGsmMu32WHZNjqqremFO2EoeWaOWUfyXH8f1Nnc+BJgPz6ISBK7oSZaNTLUMY5sGak7itwvYzdjaAxagHjL+TA==",
      "dev": true
    }
  }
}
